{
    "version": 3,
    "terraform_version": "0.11.1",
    "serial": 2,
    "lineage": "8eb8822a-7a84-492e-92a7-ca5fd06d2f7a",
    "modules": [
        {
            "path": [
                "root"
            ],
            "outputs": {
                "cluster_name": {
                    "sensitive": false,
                    "type": "string",
                    "value": "home-cluster.k8s.local.aws"
                },
                "master_security_group_ids": {
                    "sensitive": false,
                    "type": "list",
                    "value": [
                        "sg-bc4572c7"
                    ]
                },
                "masters_role_arn": {
                    "sensitive": false,
                    "type": "string",
                    "value": "arn:aws:iam::616655953272:role/masters.home-cluster.k8s.local.aws"
                },
                "masters_role_name": {
                    "sensitive": false,
                    "type": "string",
                    "value": "masters.home-cluster.k8s.local.aws"
                },
                "node_security_group_ids": {
                    "sensitive": false,
                    "type": "list",
                    "value": [
                        "sg-03407778"
                    ]
                },
                "node_subnet_ids": {
                    "sensitive": false,
                    "type": "list",
                    "value": [
                        "subnet-bab3aef3",
                        "subnet-708fda2b",
                        "subnet-966f67f1"
                    ]
                },
                "nodes_role_arn": {
                    "sensitive": false,
                    "type": "string",
                    "value": "arn:aws:iam::616655953272:role/nodes.home-cluster.k8s.local.aws"
                },
                "nodes_role_name": {
                    "sensitive": false,
                    "type": "string",
                    "value": "nodes.home-cluster.k8s.local.aws"
                },
                "region": {
                    "sensitive": false,
                    "type": "string",
                    "value": "eu-west-1"
                },
                "vpc_id": {
                    "sensitive": false,
                    "type": "string",
                    "value": "vpc-cd937eab"
                }
            },
            "resources": {
                "aws_autoscaling_attachment.master-eu-west-1a-masters-home-cluster-k8s-local-aws": {
                    "type": "aws_autoscaling_attachment",
                    "depends_on": [
                        "aws_autoscaling_group.master-eu-west-1a-masters-home-cluster-k8s-local-aws",
                        "aws_elb.api-home-cluster-k8s-local-aws"
                    ],
                    "primary": {
                        "id": "master-eu-west-1a.masters.home-cluster.k8s.local.aws-20180101041047175000000007",
                        "attributes": {
                            "autoscaling_group_name": "master-eu-west-1a.masters.home-cluster.k8s.local.aws",
                            "elb": "api-home-cluster-k8s-loca-a92egm",
                            "id": "master-eu-west-1a.masters.home-cluster.k8s.local.aws-20180101041047175000000007"
                        },
                        "meta": {},
                        "tainted": false
                    },
                    "deposed": [],
                    "provider": "provider.aws"
                },
                "aws_autoscaling_attachment.master-eu-west-1b-masters-home-cluster-k8s-local-aws": {
                    "type": "aws_autoscaling_attachment",
                    "depends_on": [
                        "aws_autoscaling_group.master-eu-west-1b-masters-home-cluster-k8s-local-aws",
                        "aws_elb.api-home-cluster-k8s-local-aws"
                    ],
                    "primary": {
                        "id": "master-eu-west-1b.masters.home-cluster.k8s.local.aws-20180101041047087000000006",
                        "attributes": {
                            "autoscaling_group_name": "master-eu-west-1b.masters.home-cluster.k8s.local.aws",
                            "elb": "api-home-cluster-k8s-loca-a92egm",
                            "id": "master-eu-west-1b.masters.home-cluster.k8s.local.aws-20180101041047087000000006"
                        },
                        "meta": {},
                        "tainted": false
                    },
                    "deposed": [],
                    "provider": "provider.aws"
                },
                "aws_autoscaling_attachment.master-eu-west-1c-masters-home-cluster-k8s-local-aws": {
                    "type": "aws_autoscaling_attachment",
                    "depends_on": [
                        "aws_autoscaling_group.master-eu-west-1c-masters-home-cluster-k8s-local-aws",
                        "aws_elb.api-home-cluster-k8s-local-aws"
                    ],
                    "primary": {
                        "id": "master-eu-west-1c.masters.home-cluster.k8s.local.aws-20180101041046859100000005",
                        "attributes": {
                            "autoscaling_group_name": "master-eu-west-1c.masters.home-cluster.k8s.local.aws",
                            "elb": "api-home-cluster-k8s-loca-a92egm",
                            "id": "master-eu-west-1c.masters.home-cluster.k8s.local.aws-20180101041046859100000005"
                        },
                        "meta": {},
                        "tainted": false
                    },
                    "deposed": [],
                    "provider": "provider.aws"
                },
                "aws_autoscaling_group.master-eu-west-1a-masters-home-cluster-k8s-local-aws": {
                    "type": "aws_autoscaling_group",
                    "depends_on": [
                        "aws_launch_configuration.master-eu-west-1a-masters-home-cluster-k8s-local-aws",
                        "aws_subnet.eu-west-1a-home-cluster-k8s-local-aws"
                    ],
                    "primary": {
                        "id": "master-eu-west-1a.masters.home-cluster.k8s.local.aws",
                        "attributes": {
                            "arn": "arn:aws:autoscaling:eu-west-1:616655953272:autoScalingGroup:e07deeb3-fb7d-4135-91ff-a6d776ad9a35:autoScalingGroupName/master-eu-west-1a.masters.home-cluster.k8s.local.aws",
                            "availability_zones.#": "1",
                            "availability_zones.3953592328": "eu-west-1a",
                            "default_cooldown": "300",
                            "desired_capacity": "1",
                            "force_delete": "false",
                            "health_check_grace_period": "300",
                            "health_check_type": "EC2",
                            "id": "master-eu-west-1a.masters.home-cluster.k8s.local.aws",
                            "launch_configuration": "master-eu-west-1a.masters.home-cluster.k8s.local.aws-20180101040956897100000001",
                            "load_balancers.#": "0",
                            "max_size": "1",
                            "metrics_granularity": "1Minute",
                            "min_size": "1",
                            "name": "master-eu-west-1a.masters.home-cluster.k8s.local.aws",
                            "placement_group": "",
                            "protect_from_scale_in": "false",
                            "suspended_processes.#": "0",
                            "tag.#": "4",
                            "tag.1601041186.key": "k8s.io/role/master",
                            "tag.1601041186.propagate_at_launch": "true",
                            "tag.1601041186.value": "1",
                            "tag.1786777050.key": "k8s.io/cluster-autoscaler/node-template/label/kops.k8s.io/instancegroup",
                            "tag.1786777050.propagate_at_launch": "true",
                            "tag.1786777050.value": "master-eu-west-1a",
                            "tag.2313939983.key": "KubernetesCluster",
                            "tag.2313939983.propagate_at_launch": "true",
                            "tag.2313939983.value": "home-cluster.k8s.local.aws",
                            "tag.3612418583.key": "Name",
                            "tag.3612418583.propagate_at_launch": "true",
                            "tag.3612418583.value": "master-eu-west-1a.masters.home-cluster.k8s.local.aws",
                            "target_group_arns.#": "0",
                            "termination_policies.#": "0",
                            "vpc_zone_identifier.#": "1",
                            "vpc_zone_identifier.4046355583": "subnet-bab3aef3",
                            "wait_for_capacity_timeout": "10m"
                        },
                        "meta": {
                            "e2bfb730-ecaa-11e6-8f88-34363bc7c4c0": {
                                "delete": 600000000000
                            }
                        },
                        "tainted": false
                    },
                    "deposed": [],
                    "provider": "provider.aws"
                },
                "aws_autoscaling_group.master-eu-west-1b-masters-home-cluster-k8s-local-aws": {
                    "type": "aws_autoscaling_group",
                    "depends_on": [
                        "aws_launch_configuration.master-eu-west-1b-masters-home-cluster-k8s-local-aws",
                        "aws_subnet.eu-west-1b-home-cluster-k8s-local-aws"
                    ],
                    "primary": {
                        "id": "master-eu-west-1b.masters.home-cluster.k8s.local.aws",
                        "attributes": {
                            "arn": "arn:aws:autoscaling:eu-west-1:616655953272:autoScalingGroup:6aebbd87-4b5c-4fd6-b39b-ebfdde9f26e1:autoScalingGroupName/master-eu-west-1b.masters.home-cluster.k8s.local.aws",
                            "availability_zones.#": "1",
                            "availability_zones.1924028850": "eu-west-1b",
                            "default_cooldown": "300",
                            "desired_capacity": "1",
                            "force_delete": "false",
                            "health_check_grace_period": "300",
                            "health_check_type": "EC2",
                            "id": "master-eu-west-1b.masters.home-cluster.k8s.local.aws",
                            "launch_configuration": "master-eu-west-1b.masters.home-cluster.k8s.local.aws-20180101040958283100000003",
                            "load_balancers.#": "0",
                            "max_size": "1",
                            "metrics_granularity": "1Minute",
                            "min_size": "1",
                            "name": "master-eu-west-1b.masters.home-cluster.k8s.local.aws",
                            "placement_group": "",
                            "protect_from_scale_in": "false",
                            "suspended_processes.#": "0",
                            "tag.#": "4",
                            "tag.1533548359.key": "k8s.io/cluster-autoscaler/node-template/label/kops.k8s.io/instancegroup",
                            "tag.1533548359.propagate_at_launch": "true",
                            "tag.1533548359.value": "master-eu-west-1b",
                            "tag.1601041186.key": "k8s.io/role/master",
                            "tag.1601041186.propagate_at_launch": "true",
                            "tag.1601041186.value": "1",
                            "tag.2313939983.key": "KubernetesCluster",
                            "tag.2313939983.propagate_at_launch": "true",
                            "tag.2313939983.value": "home-cluster.k8s.local.aws",
                            "tag.4016744804.key": "Name",
                            "tag.4016744804.propagate_at_launch": "true",
                            "tag.4016744804.value": "master-eu-west-1b.masters.home-cluster.k8s.local.aws",
                            "target_group_arns.#": "0",
                            "termination_policies.#": "0",
                            "vpc_zone_identifier.#": "1",
                            "vpc_zone_identifier.3334514984": "subnet-708fda2b",
                            "wait_for_capacity_timeout": "10m"
                        },
                        "meta": {
                            "e2bfb730-ecaa-11e6-8f88-34363bc7c4c0": {
                                "delete": 600000000000
                            }
                        },
                        "tainted": false
                    },
                    "deposed": [],
                    "provider": "provider.aws"
                },
                "aws_autoscaling_group.master-eu-west-1c-masters-home-cluster-k8s-local-aws": {
                    "type": "aws_autoscaling_group",
                    "depends_on": [
                        "aws_launch_configuration.master-eu-west-1c-masters-home-cluster-k8s-local-aws",
                        "aws_subnet.eu-west-1c-home-cluster-k8s-local-aws"
                    ],
                    "primary": {
                        "id": "master-eu-west-1c.masters.home-cluster.k8s.local.aws",
                        "attributes": {
                            "arn": "arn:aws:autoscaling:eu-west-1:616655953272:autoScalingGroup:265f4e43-aaf0-406e-9cde-c825611f3be9:autoScalingGroupName/master-eu-west-1c.masters.home-cluster.k8s.local.aws",
                            "availability_zones.#": "1",
                            "availability_zones.94988580": "eu-west-1c",
                            "default_cooldown": "300",
                            "desired_capacity": "1",
                            "force_delete": "false",
                            "health_check_grace_period": "300",
                            "health_check_type": "EC2",
                            "id": "master-eu-west-1c.masters.home-cluster.k8s.local.aws",
                            "launch_configuration": "master-eu-west-1c.masters.home-cluster.k8s.local.aws-20180101040957034200000002",
                            "load_balancers.#": "0",
                            "max_size": "1",
                            "metrics_granularity": "1Minute",
                            "min_size": "1",
                            "name": "master-eu-west-1c.masters.home-cluster.k8s.local.aws",
                            "placement_group": "",
                            "protect_from_scale_in": "false",
                            "suspended_processes.#": "0",
                            "tag.#": "4",
                            "tag.1314073994.key": "Name",
                            "tag.1314073994.propagate_at_launch": "true",
                            "tag.1314073994.value": "master-eu-west-1c.masters.home-cluster.k8s.local.aws",
                            "tag.1601041186.key": "k8s.io/role/master",
                            "tag.1601041186.propagate_at_launch": "true",
                            "tag.1601041186.value": "1",
                            "tag.2313939983.key": "KubernetesCluster",
                            "tag.2313939983.propagate_at_launch": "true",
                            "tag.2313939983.value": "home-cluster.k8s.local.aws",
                            "tag.4246674675.key": "k8s.io/cluster-autoscaler/node-template/label/kops.k8s.io/instancegroup",
                            "tag.4246674675.propagate_at_launch": "true",
                            "tag.4246674675.value": "master-eu-west-1c",
                            "target_group_arns.#": "0",
                            "termination_policies.#": "0",
                            "vpc_zone_identifier.#": "1",
                            "vpc_zone_identifier.2937119333": "subnet-966f67f1",
                            "wait_for_capacity_timeout": "10m"
                        },
                        "meta": {
                            "e2bfb730-ecaa-11e6-8f88-34363bc7c4c0": {
                                "delete": 600000000000
                            }
                        },
                        "tainted": false
                    },
                    "deposed": [],
                    "provider": "provider.aws"
                },
                "aws_autoscaling_group.nodes-home-cluster-k8s-local-aws": {
                    "type": "aws_autoscaling_group",
                    "depends_on": [
                        "aws_launch_configuration.nodes-home-cluster-k8s-local-aws",
                        "aws_subnet.eu-west-1a-home-cluster-k8s-local-aws",
                        "aws_subnet.eu-west-1b-home-cluster-k8s-local-aws",
                        "aws_subnet.eu-west-1c-home-cluster-k8s-local-aws"
                    ],
                    "primary": {
                        "id": "nodes.home-cluster.k8s.local.aws",
                        "attributes": {
                            "arn": "arn:aws:autoscaling:eu-west-1:616655953272:autoScalingGroup:d1fba6ba-8707-4af1-a0c8-f115f273371b:autoScalingGroupName/nodes.home-cluster.k8s.local.aws",
                            "availability_zones.#": "3",
                            "availability_zones.1924028850": "eu-west-1b",
                            "availability_zones.3953592328": "eu-west-1a",
                            "availability_zones.94988580": "eu-west-1c",
                            "default_cooldown": "300",
                            "desired_capacity": "3",
                            "force_delete": "false",
                            "health_check_grace_period": "300",
                            "health_check_type": "EC2",
                            "id": "nodes.home-cluster.k8s.local.aws",
                            "launch_configuration": "nodes.home-cluster.k8s.local.aws-20180101040959218700000004",
                            "load_balancers.#": "0",
                            "max_size": "3",
                            "metrics_granularity": "1Minute",
                            "min_size": "3",
                            "name": "nodes.home-cluster.k8s.local.aws",
                            "placement_group": "",
                            "protect_from_scale_in": "false",
                            "suspended_processes.#": "0",
                            "tag.#": "4",
                            "tag.1511667939.key": "Name",
                            "tag.1511667939.propagate_at_launch": "true",
                            "tag.1511667939.value": "nodes.home-cluster.k8s.local.aws",
                            "tag.1967977115.key": "k8s.io/role/node",
                            "tag.1967977115.propagate_at_launch": "true",
                            "tag.1967977115.value": "1",
                            "tag.2313939983.key": "KubernetesCluster",
                            "tag.2313939983.propagate_at_launch": "true",
                            "tag.2313939983.value": "home-cluster.k8s.local.aws",
                            "tag.859419842.key": "k8s.io/cluster-autoscaler/node-template/label/kops.k8s.io/instancegroup",
                            "tag.859419842.propagate_at_launch": "true",
                            "tag.859419842.value": "nodes",
                            "target_group_arns.#": "0",
                            "termination_policies.#": "0",
                            "vpc_zone_identifier.#": "3",
                            "vpc_zone_identifier.2937119333": "subnet-966f67f1",
                            "vpc_zone_identifier.3334514984": "subnet-708fda2b",
                            "vpc_zone_identifier.4046355583": "subnet-bab3aef3",
                            "wait_for_capacity_timeout": "10m"
                        },
                        "meta": {
                            "e2bfb730-ecaa-11e6-8f88-34363bc7c4c0": {
                                "delete": 600000000000
                            }
                        },
                        "tainted": false
                    },
                    "deposed": [],
                    "provider": "provider.aws"
                },
                "aws_ebs_volume.a-etcd-events-home-cluster-k8s-local-aws": {
                    "type": "aws_ebs_volume",
                    "depends_on": [],
                    "primary": {
                        "id": "vol-074649388ddf1fce1",
                        "attributes": {
                            "arn": "arn:aws:ec2:eu-west-1:616655953272:volume/vol-074649388ddf1fce1",
                            "availability_zone": "eu-west-1a",
                            "encrypted": "false",
                            "id": "vol-074649388ddf1fce1",
                            "size": "20",
                            "snapshot_id": "",
                            "tags.%": "4",
                            "tags.KubernetesCluster": "home-cluster.k8s.local.aws",
                            "tags.Name": "a.etcd-events.home-cluster.k8s.local.aws",
                            "tags.k8s.io/etcd/events": "a/a,b,c",
                            "tags.k8s.io/role/master": "1",
                            "type": "gp2"
                        },
                        "meta": {},
                        "tainted": false
                    },
                    "deposed": [],
                    "provider": "provider.aws"
                },
                "aws_ebs_volume.a-etcd-main-home-cluster-k8s-local-aws": {
                    "type": "aws_ebs_volume",
                    "depends_on": [],
                    "primary": {
                        "id": "vol-0124c48de2ccf2fdb",
                        "attributes": {
                            "arn": "arn:aws:ec2:eu-west-1:616655953272:volume/vol-0124c48de2ccf2fdb",
                            "availability_zone": "eu-west-1a",
                            "encrypted": "false",
                            "id": "vol-0124c48de2ccf2fdb",
                            "size": "20",
                            "snapshot_id": "",
                            "tags.%": "4",
                            "tags.KubernetesCluster": "home-cluster.k8s.local.aws",
                            "tags.Name": "a.etcd-main.home-cluster.k8s.local.aws",
                            "tags.k8s.io/etcd/main": "a/a,b,c",
                            "tags.k8s.io/role/master": "1",
                            "type": "gp2"
                        },
                        "meta": {},
                        "tainted": false
                    },
                    "deposed": [],
                    "provider": "provider.aws"
                },
                "aws_ebs_volume.b-etcd-events-home-cluster-k8s-local-aws": {
                    "type": "aws_ebs_volume",
                    "depends_on": [],
                    "primary": {
                        "id": "vol-01aa0a355e06d0e67",
                        "attributes": {
                            "arn": "arn:aws:ec2:eu-west-1:616655953272:volume/vol-01aa0a355e06d0e67",
                            "availability_zone": "eu-west-1b",
                            "encrypted": "false",
                            "id": "vol-01aa0a355e06d0e67",
                            "size": "20",
                            "snapshot_id": "",
                            "tags.%": "4",
                            "tags.KubernetesCluster": "home-cluster.k8s.local.aws",
                            "tags.Name": "b.etcd-events.home-cluster.k8s.local.aws",
                            "tags.k8s.io/etcd/events": "b/a,b,c",
                            "tags.k8s.io/role/master": "1",
                            "type": "gp2"
                        },
                        "meta": {},
                        "tainted": false
                    },
                    "deposed": [],
                    "provider": "provider.aws"
                },
                "aws_ebs_volume.b-etcd-main-home-cluster-k8s-local-aws": {
                    "type": "aws_ebs_volume",
                    "depends_on": [],
                    "primary": {
                        "id": "vol-0e9b653d066c0ba18",
                        "attributes": {
                            "arn": "arn:aws:ec2:eu-west-1:616655953272:volume/vol-0e9b653d066c0ba18",
                            "availability_zone": "eu-west-1b",
                            "encrypted": "false",
                            "id": "vol-0e9b653d066c0ba18",
                            "size": "20",
                            "snapshot_id": "",
                            "tags.%": "4",
                            "tags.KubernetesCluster": "home-cluster.k8s.local.aws",
                            "tags.Name": "b.etcd-main.home-cluster.k8s.local.aws",
                            "tags.k8s.io/etcd/main": "b/a,b,c",
                            "tags.k8s.io/role/master": "1",
                            "type": "gp2"
                        },
                        "meta": {},
                        "tainted": false
                    },
                    "deposed": [],
                    "provider": "provider.aws"
                },
                "aws_ebs_volume.c-etcd-events-home-cluster-k8s-local-aws": {
                    "type": "aws_ebs_volume",
                    "depends_on": [],
                    "primary": {
                        "id": "vol-0598c3f3220b05a9e",
                        "attributes": {
                            "arn": "arn:aws:ec2:eu-west-1:616655953272:volume/vol-0598c3f3220b05a9e",
                            "availability_zone": "eu-west-1c",
                            "encrypted": "false",
                            "id": "vol-0598c3f3220b05a9e",
                            "size": "20",
                            "snapshot_id": "",
                            "tags.%": "4",
                            "tags.KubernetesCluster": "home-cluster.k8s.local.aws",
                            "tags.Name": "c.etcd-events.home-cluster.k8s.local.aws",
                            "tags.k8s.io/etcd/events": "c/a,b,c",
                            "tags.k8s.io/role/master": "1",
                            "type": "gp2"
                        },
                        "meta": {},
                        "tainted": false
                    },
                    "deposed": [],
                    "provider": "provider.aws"
                },
                "aws_ebs_volume.c-etcd-main-home-cluster-k8s-local-aws": {
                    "type": "aws_ebs_volume",
                    "depends_on": [],
                    "primary": {
                        "id": "vol-0a444d6b6f419028a",
                        "attributes": {
                            "arn": "arn:aws:ec2:eu-west-1:616655953272:volume/vol-0a444d6b6f419028a",
                            "availability_zone": "eu-west-1c",
                            "encrypted": "false",
                            "id": "vol-0a444d6b6f419028a",
                            "size": "20",
                            "snapshot_id": "",
                            "tags.%": "4",
                            "tags.KubernetesCluster": "home-cluster.k8s.local.aws",
                            "tags.Name": "c.etcd-main.home-cluster.k8s.local.aws",
                            "tags.k8s.io/etcd/main": "c/a,b,c",
                            "tags.k8s.io/role/master": "1",
                            "type": "gp2"
                        },
                        "meta": {},
                        "tainted": false
                    },
                    "deposed": [],
                    "provider": "provider.aws"
                },
                "aws_eip.eu-west-1a-home-cluster-k8s-local-aws": {
                    "type": "aws_eip",
                    "depends_on": [],
                    "primary": {
                        "id": "eipalloc-0d7bb530",
                        "attributes": {
                            "association_id": "",
                            "domain": "vpc",
                            "id": "eipalloc-0d7bb530",
                            "instance": "",
                            "network_interface": "",
                            "private_ip": "",
                            "public_ip": "52.212.185.176",
                            "vpc": "true"
                        },
                        "meta": {},
                        "tainted": false
                    },
                    "deposed": [],
                    "provider": "provider.aws"
                },
                "aws_eip.eu-west-1b-home-cluster-k8s-local-aws": {
                    "type": "aws_eip",
                    "depends_on": [],
                    "primary": {
                        "id": "eipalloc-da7bb5e7",
                        "attributes": {
                            "association_id": "",
                            "domain": "vpc",
                            "id": "eipalloc-da7bb5e7",
                            "instance": "",
                            "network_interface": "",
                            "private_ip": "",
                            "public_ip": "54.72.227.127",
                            "vpc": "true"
                        },
                        "meta": {},
                        "tainted": false
                    },
                    "deposed": [],
                    "provider": "provider.aws"
                },
                "aws_eip.eu-west-1c-home-cluster-k8s-local-aws": {
                    "type": "aws_eip",
                    "depends_on": [],
                    "primary": {
                        "id": "eipalloc-a07bb59d",
                        "attributes": {
                            "association_id": "",
                            "domain": "vpc",
                            "id": "eipalloc-a07bb59d",
                            "instance": "",
                            "network_interface": "",
                            "private_ip": "",
                            "public_ip": "34.243.22.8",
                            "vpc": "true"
                        },
                        "meta": {},
                        "tainted": false
                    },
                    "deposed": [],
                    "provider": "provider.aws"
                },
                "aws_elb.api-home-cluster-k8s-local-aws": {
                    "type": "aws_elb",
                    "depends_on": [
                        "aws_security_group.api-elb-home-cluster-k8s-local-aws",
                        "aws_subnet.utility-eu-west-1a-home-cluster-k8s-local-aws",
                        "aws_subnet.utility-eu-west-1b-home-cluster-k8s-local-aws",
                        "aws_subnet.utility-eu-west-1c-home-cluster-k8s-local-aws"
                    ],
                    "primary": {
                        "id": "api-home-cluster-k8s-loca-a92egm",
                        "attributes": {
                            "access_logs.#": "0",
                            "arn": "arn:aws:elasticloadbalancing:eu-west-1:616655953272:loadbalancer/api-home-cluster-k8s-loca-a92egm",
                            "availability_zones.#": "3",
                            "availability_zones.1924028850": "eu-west-1b",
                            "availability_zones.3953592328": "eu-west-1a",
                            "availability_zones.94988580": "eu-west-1c",
                            "connection_draining": "false",
                            "connection_draining_timeout": "300",
                            "cross_zone_load_balancing": "true",
                            "dns_name": "api-home-cluster-k8s-loca-a92egm-1234001974.eu-west-1.elb.amazonaws.com",
                            "health_check.#": "1",
                            "health_check.0.healthy_threshold": "2",
                            "health_check.0.interval": "10",
                            "health_check.0.target": "SSL:443",
                            "health_check.0.timeout": "5",
                            "health_check.0.unhealthy_threshold": "2",
                            "id": "api-home-cluster-k8s-loca-a92egm",
                            "idle_timeout": "300",
                            "instances.#": "0",
                            "internal": "false",
                            "listener.#": "1",
                            "listener.610193557.instance_port": "443",
                            "listener.610193557.instance_protocol": "tcp",
                            "listener.610193557.lb_port": "443",
                            "listener.610193557.lb_protocol": "tcp",
                            "listener.610193557.ssl_certificate_id": "",
                            "name": "api-home-cluster-k8s-loca-a92egm",
                            "security_groups.#": "1",
                            "security_groups.408927351": "sg-834473f8",
                            "source_security_group": "616655953272/api-elb.home-cluster.k8s.local.aws",
                            "source_security_group_id": "sg-834473f8",
                            "subnets.#": "3",
                            "subnets.1081704274": "subnet-7189dc2a",
                            "subnets.150792335": "subnet-32b6ab7b",
                            "subnets.4021129890": "subnet-83555de4",
                            "tags.%": "2",
                            "tags.KubernetesCluster": "home-cluster.k8s.local.aws",
                            "tags.Name": "api.home-cluster.k8s.local.aws",
                            "zone_id": "Z32O12XQLNTSW2"
                        },
                        "meta": {},
                        "tainted": false
                    },
                    "deposed": [],
                    "provider": "provider.aws"
                },
                "aws_iam_instance_profile.masters-home-cluster-k8s-local-aws": {
                    "type": "aws_iam_instance_profile",
                    "depends_on": [
                        "aws_iam_role.masters-home-cluster-k8s-local-aws"
                    ],
                    "primary": {
                        "id": "masters.home-cluster.k8s.local.aws",
                        "attributes": {
                            "arn": "arn:aws:iam::616655953272:instance-profile/masters.home-cluster.k8s.local.aws",
                            "id": "masters.home-cluster.k8s.local.aws",
                            "name": "masters.home-cluster.k8s.local.aws",
                            "path": "/",
                            "role": "masters.home-cluster.k8s.local.aws",
                            "roles.#": "0",
                            "unique_id": "AIPAJLKEALNMMBADMDK7I"
                        },
                        "meta": {},
                        "tainted": false
                    },
                    "deposed": [],
                    "provider": "provider.aws"
                },
                "aws_iam_instance_profile.nodes-home-cluster-k8s-local-aws": {
                    "type": "aws_iam_instance_profile",
                    "depends_on": [
                        "aws_iam_role.nodes-home-cluster-k8s-local-aws"
                    ],
                    "primary": {
                        "id": "nodes.home-cluster.k8s.local.aws",
                        "attributes": {
                            "arn": "arn:aws:iam::616655953272:instance-profile/nodes.home-cluster.k8s.local.aws",
                            "id": "nodes.home-cluster.k8s.local.aws",
                            "name": "nodes.home-cluster.k8s.local.aws",
                            "path": "/",
                            "role": "nodes.home-cluster.k8s.local.aws",
                            "roles.#": "0",
                            "unique_id": "AIPAJY7WO35OGCAU6R45U"
                        },
                        "meta": {},
                        "tainted": false
                    },
                    "deposed": [],
                    "provider": "provider.aws"
                },
                "aws_iam_role.masters-home-cluster-k8s-local-aws": {
                    "type": "aws_iam_role",
                    "depends_on": [],
                    "primary": {
                        "id": "masters.home-cluster.k8s.local.aws",
                        "attributes": {
                            "arn": "arn:aws:iam::616655953272:role/masters.home-cluster.k8s.local.aws",
                            "assume_role_policy": "{\"Version\":\"2012-10-17\",\"Statement\":[{\"Effect\":\"Allow\",\"Principal\":{\"Service\":\"ec2.amazonaws.com\"},\"Action\":\"sts:AssumeRole\"}]}",
                            "create_date": "2018-01-01T04:09:46Z",
                            "force_detach_policies": "false",
                            "id": "masters.home-cluster.k8s.local.aws",
                            "name": "masters.home-cluster.k8s.local.aws",
                            "path": "/",
                            "unique_id": "AROAIZXH5IB35HO3OBPKG"
                        },
                        "meta": {},
                        "tainted": false
                    },
                    "deposed": [],
                    "provider": "provider.aws"
                },
                "aws_iam_role.nodes-home-cluster-k8s-local-aws": {
                    "type": "aws_iam_role",
                    "depends_on": [],
                    "primary": {
                        "id": "nodes.home-cluster.k8s.local.aws",
                        "attributes": {
                            "arn": "arn:aws:iam::616655953272:role/nodes.home-cluster.k8s.local.aws",
                            "assume_role_policy": "{\"Version\":\"2012-10-17\",\"Statement\":[{\"Effect\":\"Allow\",\"Principal\":{\"Service\":\"ec2.amazonaws.com\"},\"Action\":\"sts:AssumeRole\"}]}",
                            "create_date": "2018-01-01T04:09:45Z",
                            "force_detach_policies": "false",
                            "id": "nodes.home-cluster.k8s.local.aws",
                            "name": "nodes.home-cluster.k8s.local.aws",
                            "path": "/",
                            "unique_id": "AROAJ5WVUCHVERKMA7QCS"
                        },
                        "meta": {},
                        "tainted": false
                    },
                    "deposed": [],
                    "provider": "provider.aws"
                },
                "aws_iam_role_policy.masters-home-cluster-k8s-local-aws": {
                    "type": "aws_iam_role_policy",
                    "depends_on": [
                        "aws_iam_role.masters-home-cluster-k8s-local-aws"
                    ],
                    "primary": {
                        "id": "masters.home-cluster.k8s.local.aws:masters.home-cluster.k8s.local.aws",
                        "attributes": {
                            "id": "masters.home-cluster.k8s.local.aws:masters.home-cluster.k8s.local.aws",
                            "name": "masters.home-cluster.k8s.local.aws",
                            "policy": "{\n  \"Version\": \"2012-10-17\",\n  \"Statement\": [\n    {\n      \"Sid\": \"kopsK8sEC2MasterPermsDescribeResources\",\n      \"Effect\": \"Allow\",\n      \"Action\": [\n        \"ec2:DescribeInstances\",\n        \"ec2:DescribeRouteTables\",\n        \"ec2:DescribeSecurityGroups\",\n        \"ec2:DescribeSubnets\",\n        \"ec2:DescribeVolumes\"\n      ],\n      \"Resource\": [\n        \"*\"\n      ]\n    },\n    {\n      \"Sid\": \"kopsK8sEC2MasterPermsAllResources\",\n      \"Effect\": \"Allow\",\n      \"Action\": [\n        \"ec2:CreateRoute\",\n        \"ec2:CreateSecurityGroup\",\n        \"ec2:CreateTags\",\n        \"ec2:CreateVolume\",\n        \"ec2:ModifyInstanceAttribute\"\n      ],\n      \"Resource\": [\n        \"*\"\n      ]\n    },\n    {\n      \"Sid\": \"kopsK8sEC2MasterPermsTaggedResources\",\n      \"Effect\": \"Allow\",\n      \"Action\": [\n        \"ec2:AttachVolume\",\n        \"ec2:AuthorizeSecurityGroupIngress\",\n        \"ec2:DeleteRoute\",\n        \"ec2:DeleteSecurityGroup\",\n        \"ec2:DeleteVolume\",\n        \"ec2:DetachVolume\",\n        \"ec2:RevokeSecurityGroupIngress\"\n      ],\n      \"Resource\": [\n        \"*\"\n      ],\n      \"Condition\": {\n        \"StringEquals\": {\n          \"ec2:ResourceTag/KubernetesCluster\": \"home-cluster.k8s.local.aws\"\n        }\n      }\n    },\n    {\n      \"Sid\": \"kopsK8sASMasterPermsAllResources\",\n      \"Effect\": \"Allow\",\n      \"Action\": [\n        \"autoscaling:DescribeAutoScalingGroups\",\n        \"autoscaling:DescribeLaunchConfigurations\",\n        \"autoscaling:GetAsgForInstance\"\n      ],\n      \"Resource\": [\n        \"*\"\n      ]\n    },\n    {\n      \"Sid\": \"kopsK8sASMasterPermsTaggedResources\",\n      \"Effect\": \"Allow\",\n      \"Action\": [\n        \"autoscaling:SetDesiredCapacity\",\n        \"autoscaling:TerminateInstanceInAutoScalingGroup\",\n        \"autoscaling:UpdateAutoScalingGroup\"\n      ],\n      \"Resource\": [\n        \"*\"\n      ],\n      \"Condition\": {\n        \"StringEquals\": {\n          \"autoscaling:ResourceTag/KubernetesCluster\": \"home-cluster.k8s.local.aws\"\n        }\n      }\n    },\n    {\n      \"Sid\": \"kopsK8sELBMasterPermsRestrictive\",\n      \"Effect\": \"Allow\",\n      \"Action\": [\n        \"elasticloadbalancing:AttachLoadBalancerToSubnets\",\n        \"elasticloadbalancing:ApplySecurityGroupsToLoadBalancer\",\n        \"elasticloadbalancing:CreateLoadBalancer\",\n        \"elasticloadbalancing:CreateLoadBalancerPolicy\",\n        \"elasticloadbalancing:CreateLoadBalancerListeners\",\n        \"elasticloadbalancing:ConfigureHealthCheck\",\n        \"elasticloadbalancing:DeleteLoadBalancer\",\n        \"elasticloadbalancing:DeleteLoadBalancerListeners\",\n        \"elasticloadbalancing:DescribeLoadBalancers\",\n        \"elasticloadbalancing:DescribeLoadBalancerAttributes\",\n        \"elasticloadbalancing:DetachLoadBalancerFromSubnets\",\n        \"elasticloadbalancing:DeregisterInstancesFromLoadBalancer\",\n        \"elasticloadbalancing:ModifyLoadBalancerAttributes\",\n        \"elasticloadbalancing:RegisterInstancesWithLoadBalancer\",\n        \"elasticloadbalancing:SetLoadBalancerPoliciesForBackendServer\"\n      ],\n      \"Resource\": [\n        \"*\"\n      ]\n    },\n    {\n      \"Sid\": \"kopsMasterCertIAMPerms\",\n      \"Effect\": \"Allow\",\n      \"Action\": [\n        \"iam:ListServerCertificates\",\n        \"iam:GetServerCertificate\"\n      ],\n      \"Resource\": [\n        \"*\"\n      ]\n    },\n    {\n      \"Sid\": \"kopsK8sS3GetListBucket\",\n      \"Effect\": \"Allow\",\n      \"Action\": [\n        \"s3:GetBucketLocation\",\n        \"s3:ListBucket\"\n      ],\n      \"Resource\": [\n        \"arn:aws:s3:::home-cluster.k8s.local.aws\"\n      ]\n    },\n    {\n      \"Sid\": \"kopsK8sS3MasterBucketFullGet\",\n      \"Effect\": \"Allow\",\n      \"Action\": [\n        \"s3:Get*\"\n      ],\n      \"Resource\": \"arn:aws:s3:::home-cluster.k8s.local.aws/home-cluster.k8s.local.aws/*\"\n    },\n    {\n      \"Sid\": \"kopsK8sRoute53Change\",\n      \"Effect\": \"Allow\",\n      \"Action\": [\n        \"route53:ChangeResourceRecordSets\",\n        \"route53:ListResourceRecordSets\",\n        \"route53:GetHostedZone\"\n      ],\n      \"Resource\": [\n        \"arn:aws:route53:::hostedzone/Z3L6TOI1CHVERF\"\n      ]\n    },\n    {\n      \"Sid\": \"kopsK8sRoute53GetChanges\",\n      \"Effect\": \"Allow\",\n      \"Action\": [\n        \"route53:GetChange\"\n      ],\n      \"Resource\": [\n        \"arn:aws:route53:::change/*\"\n      ]\n    },\n    {\n      \"Sid\": \"kopsK8sRoute53ListZones\",\n      \"Effect\": \"Allow\",\n      \"Action\": [\n        \"route53:ListHostedZones\"\n      ],\n      \"Resource\": [\n        \"*\"\n      ]\n    },\n    {\n      \"Sid\": \"kopsK8sECR\",\n      \"Effect\": \"Allow\",\n      \"Action\": [\n        \"ecr:GetAuthorizationToken\",\n        \"ecr:BatchCheckLayerAvailability\",\n        \"ecr:GetDownloadUrlForLayer\",\n        \"ecr:GetRepositoryPolicy\",\n        \"ecr:DescribeRepositories\",\n        \"ecr:ListImages\",\n        \"ecr:BatchGetImage\"\n      ],\n      \"Resource\": [\n        \"*\"\n      ]\n    }\n  ]\n}",
                            "role": "masters.home-cluster.k8s.local.aws"
                        },
                        "meta": {},
                        "tainted": false
                    },
                    "deposed": [],
                    "provider": "provider.aws"
                },
                "aws_iam_role_policy.nodes-home-cluster-k8s-local-aws": {
                    "type": "aws_iam_role_policy",
                    "depends_on": [
                        "aws_iam_role.nodes-home-cluster-k8s-local-aws"
                    ],
                    "primary": {
                        "id": "nodes.home-cluster.k8s.local.aws:nodes.home-cluster.k8s.local.aws",
                        "attributes": {
                            "id": "nodes.home-cluster.k8s.local.aws:nodes.home-cluster.k8s.local.aws",
                            "name": "nodes.home-cluster.k8s.local.aws",
                            "policy": "{\n  \"Version\": \"2012-10-17\",\n  \"Statement\": [\n    {\n      \"Sid\": \"kopsK8sEC2NodePerms\",\n      \"Effect\": \"Allow\",\n      \"Action\": [\n        \"ec2:DescribeInstances\"\n      ],\n      \"Resource\": [\n        \"*\"\n      ]\n    },\n    {\n      \"Sid\": \"kopsK8sS3GetListBucket\",\n      \"Effect\": \"Allow\",\n      \"Action\": [\n        \"s3:GetBucketLocation\",\n        \"s3:ListBucket\"\n      ],\n      \"Resource\": [\n        \"arn:aws:s3:::home-cluster.k8s.local.aws\"\n      ]\n    },\n    {\n      \"Sid\": \"kopsK8sS3NodeBucketSelectiveGet\",\n      \"Effect\": \"Allow\",\n      \"Action\": [\n        \"s3:Get*\"\n      ],\n      \"Resource\": [\n        \"arn:aws:s3:::home-cluster.k8s.local.aws/home-cluster.k8s.local.aws/addons/*\",\n        \"arn:aws:s3:::home-cluster.k8s.local.aws/home-cluster.k8s.local.aws/cluster.spec\",\n        \"arn:aws:s3:::home-cluster.k8s.local.aws/home-cluster.k8s.local.aws/config\",\n        \"arn:aws:s3:::home-cluster.k8s.local.aws/home-cluster.k8s.local.aws/instancegroup/*\",\n        \"arn:aws:s3:::home-cluster.k8s.local.aws/home-cluster.k8s.local.aws/pki/issued/*\",\n        \"arn:aws:s3:::home-cluster.k8s.local.aws/home-cluster.k8s.local.aws/pki/private/kube-proxy/*\",\n        \"arn:aws:s3:::home-cluster.k8s.local.aws/home-cluster.k8s.local.aws/pki/private/kubelet/*\",\n        \"arn:aws:s3:::home-cluster.k8s.local.aws/home-cluster.k8s.local.aws/pki/ssh/*\",\n        \"arn:aws:s3:::home-cluster.k8s.local.aws/home-cluster.k8s.local.aws/secrets/dockerconfig\"\n      ]\n    },\n    {\n      \"Sid\": \"kopsK8sECR\",\n      \"Effect\": \"Allow\",\n      \"Action\": [\n        \"ecr:GetAuthorizationToken\",\n        \"ecr:BatchCheckLayerAvailability\",\n        \"ecr:GetDownloadUrlForLayer\",\n        \"ecr:GetRepositoryPolicy\",\n        \"ecr:DescribeRepositories\",\n        \"ecr:ListImages\",\n        \"ecr:BatchGetImage\"\n      ],\n      \"Resource\": [\n        \"*\"\n      ]\n    }\n  ]\n}",
                            "role": "nodes.home-cluster.k8s.local.aws"
                        },
                        "meta": {},
                        "tainted": false
                    },
                    "deposed": [],
                    "provider": "provider.aws"
                },
                "aws_internet_gateway.home-cluster-k8s-local-aws": {
                    "type": "aws_internet_gateway",
                    "depends_on": [
                        "aws_vpc.home-cluster-k8s-local-aws"
                    ],
                    "primary": {
                        "id": "igw-3da1785a",
                        "attributes": {
                            "id": "igw-3da1785a",
                            "tags.%": "2",
                            "tags.KubernetesCluster": "home-cluster.k8s.local.aws",
                            "tags.Name": "home-cluster.k8s.local.aws",
                            "vpc_id": "vpc-cd937eab"
                        },
                        "meta": {},
                        "tainted": false
                    },
                    "deposed": [],
                    "provider": "provider.aws"
                },
                "aws_key_pair.kubernetes-home-cluster-k8s-local-aws-f9c8bc9e615f0efc99ef49d39c2c08f5": {
                    "type": "aws_key_pair",
                    "depends_on": [],
                    "primary": {
                        "id": "kubernetes.home-cluster.k8s.local.aws-f9:c8:bc:9e:61:5f:0e:fc:99:ef:49:d3:9c:2c:08:f5",
                        "attributes": {
                            "id": "kubernetes.home-cluster.k8s.local.aws-f9:c8:bc:9e:61:5f:0e:fc:99:ef:49:d3:9c:2c:08:f5",
                            "key_name": "kubernetes.home-cluster.k8s.local.aws-f9:c8:bc:9e:61:5f:0e:fc:99:ef:49:d3:9c:2c:08:f5",
                            "public_key": "ssh-rsa AAAAB3NzaC1yc2EAAAADAQABAAACAQDvt7OwfXXU37X9ra/NR3F+4uY43ofy2kHzKsdO1B/FxOJ+cT982PurH+5Oke0tm1oWA99L6Bgi0D9o8nzTImJYDCCsaDdqvCArBtycyFnjdym1iPSyzVFJAtN88TId5a+hGyrZ6VjPC3/rnVTo/LcXrznqLEf0aoC/5CIjc5+MrKHpKWegWrPqDt80jquBc6zFWMKMO/5pTLigBnaeJ95Xxh+wp2f22p2SdpCUybUm3aS7NROXH8+GKaFMZMqzWyKD1Y8YPm4EF318QCJNN161hwRbu2y+/HRZdm+7+bw20kVP3MYYiKDUm2zIVj/aPoOs5YJCC1bKuTu7WvAyoL1QxK7owU2LZh8Ri1MGTAmA8VGSCZ1T5IhwRZIUpKJBw13sTfM261Umaen2VAAnXCZ2HTM/eUwMDe7BPUcOJYj4wNjpsrMvn8CSJEBViIess1PNbI59B1H0TRUtB+Azi0Q0ukUnRkNFPYPwQJsw676yO3kDfCGE1LYJ459JvbrsDM2zl/47Fqm6bWu1h4cHCk+Wwy78FCFqTma/J8JBRxLYRC6+SWxq98GO42jsVHc7zNxJGzYHR6EX9ciphjDg/6WvVQ64iO0gdUbZ9tg/UaaVeB6xBHD2ix4TzOaZjBaWRbMHWw4f5WP+pnxhDvxTws4lgXZ6dM4+coxHaWuFzT5Daw== home.cluster.kubernetes"
                        },
                        "meta": {
                            "schema_version": "1"
                        },
                        "tainted": false
                    },
                    "deposed": [],
                    "provider": "provider.aws"
                },
                "aws_launch_configuration.master-eu-west-1a-masters-home-cluster-k8s-local-aws": {
                    "type": "aws_launch_configuration",
                    "depends_on": [
                        "aws_iam_instance_profile.masters-home-cluster-k8s-local-aws",
                        "aws_key_pair.kubernetes-home-cluster-k8s-local-aws-f9c8bc9e615f0efc99ef49d39c2c08f5",
                        "aws_security_group.masters-home-cluster-k8s-local-aws"
                    ],
                    "primary": {
                        "id": "master-eu-west-1a.masters.home-cluster.k8s.local.aws-20180101040956897100000001",
                        "attributes": {
                            "associate_public_ip_address": "false",
                            "ebs_block_device.#": "0",
                            "ebs_optimized": "false",
                            "enable_monitoring": "true",
                            "ephemeral_block_device.#": "0",
                            "iam_instance_profile": "masters.home-cluster.k8s.local.aws",
                            "id": "master-eu-west-1a.masters.home-cluster.k8s.local.aws-20180101040956897100000001",
                            "image_id": "ami-bd229ec4",
                            "instance_type": "t2.micro",
                            "key_name": "kubernetes.home-cluster.k8s.local.aws-f9:c8:bc:9e:61:5f:0e:fc:99:ef:49:d3:9c:2c:08:f5",
                            "name": "master-eu-west-1a.masters.home-cluster.k8s.local.aws-20180101040956897100000001",
                            "name_prefix": "master-eu-west-1a.masters.home-cluster.k8s.local.aws-",
                            "root_block_device.#": "1",
                            "root_block_device.0.delete_on_termination": "true",
                            "root_block_device.0.iops": "0",
                            "root_block_device.0.volume_size": "64",
                            "root_block_device.0.volume_type": "gp2",
                            "security_groups.#": "1",
                            "security_groups.772149405": "sg-bc4572c7",
                            "spot_price": "",
                            "user_data": "baf4aae47f6fbd1d11f6c2d879b2c53f426550df",
                            "vpc_classic_link_id": "",
                            "vpc_classic_link_security_groups.#": "0"
                        },
                        "meta": {},
                        "tainted": false
                    },
                    "deposed": [],
                    "provider": "provider.aws"
                },
                "aws_launch_configuration.master-eu-west-1b-masters-home-cluster-k8s-local-aws": {
                    "type": "aws_launch_configuration",
                    "depends_on": [
                        "aws_iam_instance_profile.masters-home-cluster-k8s-local-aws",
                        "aws_key_pair.kubernetes-home-cluster-k8s-local-aws-f9c8bc9e615f0efc99ef49d39c2c08f5",
                        "aws_security_group.masters-home-cluster-k8s-local-aws"
                    ],
                    "primary": {
                        "id": "master-eu-west-1b.masters.home-cluster.k8s.local.aws-20180101040958283100000003",
                        "attributes": {
                            "associate_public_ip_address": "false",
                            "ebs_block_device.#": "0",
                            "ebs_optimized": "false",
                            "enable_monitoring": "true",
                            "ephemeral_block_device.#": "0",
                            "iam_instance_profile": "masters.home-cluster.k8s.local.aws",
                            "id": "master-eu-west-1b.masters.home-cluster.k8s.local.aws-20180101040958283100000003",
                            "image_id": "ami-bd229ec4",
                            "instance_type": "t2.micro",
                            "key_name": "kubernetes.home-cluster.k8s.local.aws-f9:c8:bc:9e:61:5f:0e:fc:99:ef:49:d3:9c:2c:08:f5",
                            "name": "master-eu-west-1b.masters.home-cluster.k8s.local.aws-20180101040958283100000003",
                            "name_prefix": "master-eu-west-1b.masters.home-cluster.k8s.local.aws-",
                            "root_block_device.#": "1",
                            "root_block_device.0.delete_on_termination": "true",
                            "root_block_device.0.iops": "0",
                            "root_block_device.0.volume_size": "64",
                            "root_block_device.0.volume_type": "gp2",
                            "security_groups.#": "1",
                            "security_groups.772149405": "sg-bc4572c7",
                            "spot_price": "",
                            "user_data": "9c26cd79014e0c0c9a278ef82171f14e37a7c6dd",
                            "vpc_classic_link_id": "",
                            "vpc_classic_link_security_groups.#": "0"
                        },
                        "meta": {},
                        "tainted": false
                    },
                    "deposed": [],
                    "provider": "provider.aws"
                },
                "aws_launch_configuration.master-eu-west-1c-masters-home-cluster-k8s-local-aws": {
                    "type": "aws_launch_configuration",
                    "depends_on": [
                        "aws_iam_instance_profile.masters-home-cluster-k8s-local-aws",
                        "aws_key_pair.kubernetes-home-cluster-k8s-local-aws-f9c8bc9e615f0efc99ef49d39c2c08f5",
                        "aws_security_group.masters-home-cluster-k8s-local-aws"
                    ],
                    "primary": {
                        "id": "master-eu-west-1c.masters.home-cluster.k8s.local.aws-20180101040957034200000002",
                        "attributes": {
                            "associate_public_ip_address": "false",
                            "ebs_block_device.#": "0",
                            "ebs_optimized": "false",
                            "enable_monitoring": "true",
                            "ephemeral_block_device.#": "0",
                            "iam_instance_profile": "masters.home-cluster.k8s.local.aws",
                            "id": "master-eu-west-1c.masters.home-cluster.k8s.local.aws-20180101040957034200000002",
                            "image_id": "ami-bd229ec4",
                            "instance_type": "t2.micro",
                            "key_name": "kubernetes.home-cluster.k8s.local.aws-f9:c8:bc:9e:61:5f:0e:fc:99:ef:49:d3:9c:2c:08:f5",
                            "name": "master-eu-west-1c.masters.home-cluster.k8s.local.aws-20180101040957034200000002",
                            "name_prefix": "master-eu-west-1c.masters.home-cluster.k8s.local.aws-",
                            "root_block_device.#": "1",
                            "root_block_device.0.delete_on_termination": "true",
                            "root_block_device.0.iops": "0",
                            "root_block_device.0.volume_size": "64",
                            "root_block_device.0.volume_type": "gp2",
                            "security_groups.#": "1",
                            "security_groups.772149405": "sg-bc4572c7",
                            "spot_price": "",
                            "user_data": "37e6685e7529fed6487e85d0d240e0f6d1e713ea",
                            "vpc_classic_link_id": "",
                            "vpc_classic_link_security_groups.#": "0"
                        },
                        "meta": {},
                        "tainted": false
                    },
                    "deposed": [],
                    "provider": "provider.aws"
                },
                "aws_launch_configuration.nodes-home-cluster-k8s-local-aws": {
                    "type": "aws_launch_configuration",
                    "depends_on": [
                        "aws_iam_instance_profile.nodes-home-cluster-k8s-local-aws",
                        "aws_key_pair.kubernetes-home-cluster-k8s-local-aws-f9c8bc9e615f0efc99ef49d39c2c08f5",
                        "aws_security_group.nodes-home-cluster-k8s-local-aws"
                    ],
                    "primary": {
                        "id": "nodes.home-cluster.k8s.local.aws-20180101040959218700000004",
                        "attributes": {
                            "associate_public_ip_address": "false",
                            "ebs_block_device.#": "0",
                            "ebs_optimized": "false",
                            "enable_monitoring": "true",
                            "ephemeral_block_device.#": "0",
                            "iam_instance_profile": "nodes.home-cluster.k8s.local.aws",
                            "id": "nodes.home-cluster.k8s.local.aws-20180101040959218700000004",
                            "image_id": "ami-bd229ec4",
                            "instance_type": "t2.micro",
                            "key_name": "kubernetes.home-cluster.k8s.local.aws-f9:c8:bc:9e:61:5f:0e:fc:99:ef:49:d3:9c:2c:08:f5",
                            "name": "nodes.home-cluster.k8s.local.aws-20180101040959218700000004",
                            "name_prefix": "nodes.home-cluster.k8s.local.aws-",
                            "root_block_device.#": "1",
                            "root_block_device.0.delete_on_termination": "true",
                            "root_block_device.0.iops": "0",
                            "root_block_device.0.volume_size": "128",
                            "root_block_device.0.volume_type": "gp2",
                            "security_groups.#": "1",
                            "security_groups.2593375691": "sg-03407778",
                            "spot_price": "",
                            "user_data": "4d5da5d542ae66935a48cd09ecb55ca18fc11a4e",
                            "vpc_classic_link_id": "",
                            "vpc_classic_link_security_groups.#": "0"
                        },
                        "meta": {},
                        "tainted": false
                    },
                    "deposed": [],
                    "provider": "provider.aws"
                },
                "aws_nat_gateway.eu-west-1a-home-cluster-k8s-local-aws": {
                    "type": "aws_nat_gateway",
                    "depends_on": [
                        "aws_eip.eu-west-1a-home-cluster-k8s-local-aws",
                        "aws_subnet.utility-eu-west-1a-home-cluster-k8s-local-aws"
                    ],
                    "primary": {
                        "id": "nat-053e5ab82d767d528",
                        "attributes": {
                            "allocation_id": "eipalloc-0d7bb530",
                            "id": "nat-053e5ab82d767d528",
                            "network_interface_id": "eni-15658c25",
                            "private_ip": "172.20.2.92",
                            "public_ip": "52.212.185.176",
                            "subnet_id": "subnet-32b6ab7b",
                            "tags.%": "0"
                        },
                        "meta": {},
                        "tainted": false
                    },
                    "deposed": [],
                    "provider": "provider.aws"
                },
                "aws_nat_gateway.eu-west-1b-home-cluster-k8s-local-aws": {
                    "type": "aws_nat_gateway",
                    "depends_on": [
                        "aws_eip.eu-west-1b-home-cluster-k8s-local-aws",
                        "aws_subnet.utility-eu-west-1b-home-cluster-k8s-local-aws"
                    ],
                    "primary": {
                        "id": "nat-0b584ebcadee8dc4f",
                        "attributes": {
                            "allocation_id": "eipalloc-da7bb5e7",
                            "id": "nat-0b584ebcadee8dc4f",
                            "network_interface_id": "eni-74a4da77",
                            "private_ip": "172.20.7.146",
                            "public_ip": "54.72.227.127",
                            "subnet_id": "subnet-7189dc2a",
                            "tags.%": "0"
                        },
                        "meta": {},
                        "tainted": false
                    },
                    "deposed": [],
                    "provider": "provider.aws"
                },
                "aws_nat_gateway.eu-west-1c-home-cluster-k8s-local-aws": {
                    "type": "aws_nat_gateway",
                    "depends_on": [
                        "aws_eip.eu-west-1c-home-cluster-k8s-local-aws",
                        "aws_subnet.utility-eu-west-1c-home-cluster-k8s-local-aws"
                    ],
                    "primary": {
                        "id": "nat-090a11d7972aacda1",
                        "attributes": {
                            "allocation_id": "eipalloc-a07bb59d",
                            "id": "nat-090a11d7972aacda1",
                            "network_interface_id": "eni-343ace1a",
                            "private_ip": "172.20.9.151",
                            "public_ip": "34.243.22.8",
                            "subnet_id": "subnet-83555de4",
                            "tags.%": "0"
                        },
                        "meta": {},
                        "tainted": false
                    },
                    "deposed": [],
                    "provider": "provider.aws"
                },
                "aws_route.0-0-0-0--0": {
                    "type": "aws_route",
                    "depends_on": [
                        "aws_internet_gateway.home-cluster-k8s-local-aws",
                        "aws_route_table.home-cluster-k8s-local-aws"
                    ],
                    "primary": {
                        "id": "r-rtb-eeb59b881080289494",
                        "attributes": {
                            "destination_cidr_block": "0.0.0.0/0",
                            "destination_prefix_list_id": "",
                            "egress_only_gateway_id": "",
                            "gateway_id": "igw-3da1785a",
                            "id": "r-rtb-eeb59b881080289494",
                            "instance_id": "",
                            "instance_owner_id": "",
                            "nat_gateway_id": "",
                            "network_interface_id": "",
                            "origin": "CreateRoute",
                            "route_table_id": "rtb-eeb59b88",
                            "state": "active",
                            "vpc_peering_connection_id": ""
                        },
                        "meta": {},
                        "tainted": false
                    },
                    "deposed": [],
                    "provider": "provider.aws"
                },
                "aws_route.private-eu-west-1a-0-0-0-0--0": {
                    "type": "aws_route",
                    "depends_on": [
                        "aws_nat_gateway.eu-west-1a-home-cluster-k8s-local-aws",
                        "aws_route_table.private-eu-west-1a-home-cluster-k8s-local-aws"
                    ],
                    "primary": {
                        "id": "r-rtb-70b698161080289494",
                        "attributes": {
                            "destination_cidr_block": "0.0.0.0/0",
                            "destination_prefix_list_id": "",
                            "egress_only_gateway_id": "",
                            "gateway_id": "",
                            "id": "r-rtb-70b698161080289494",
                            "instance_id": "",
                            "instance_owner_id": "",
                            "nat_gateway_id": "nat-053e5ab82d767d528",
                            "network_interface_id": "",
                            "origin": "CreateRoute",
                            "route_table_id": "rtb-70b69816",
                            "state": "active",
                            "vpc_peering_connection_id": ""
                        },
                        "meta": {},
                        "tainted": false
                    },
                    "deposed": [],
                    "provider": "provider.aws"
                },
                "aws_route.private-eu-west-1b-0-0-0-0--0": {
                    "type": "aws_route",
                    "depends_on": [
                        "aws_nat_gateway.eu-west-1b-home-cluster-k8s-local-aws",
                        "aws_route_table.private-eu-west-1b-home-cluster-k8s-local-aws"
                    ],
                    "primary": {
                        "id": "r-rtb-058aa4631080289494",
                        "attributes": {
                            "destination_cidr_block": "0.0.0.0/0",
                            "destination_prefix_list_id": "",
                            "egress_only_gateway_id": "",
                            "gateway_id": "",
                            "id": "r-rtb-058aa4631080289494",
                            "instance_id": "",
                            "instance_owner_id": "",
                            "nat_gateway_id": "nat-0b584ebcadee8dc4f",
                            "network_interface_id": "",
                            "origin": "CreateRoute",
                            "route_table_id": "rtb-058aa463",
                            "state": "active",
                            "vpc_peering_connection_id": ""
                        },
                        "meta": {},
                        "tainted": false
                    },
                    "deposed": [],
                    "provider": "provider.aws"
                },
                "aws_route.private-eu-west-1c-0-0-0-0--0": {
                    "type": "aws_route",
                    "depends_on": [
                        "aws_nat_gateway.eu-west-1c-home-cluster-k8s-local-aws",
                        "aws_route_table.private-eu-west-1c-home-cluster-k8s-local-aws"
                    ],
                    "primary": {
                        "id": "r-rtb-94ba94f21080289494",
                        "attributes": {
                            "destination_cidr_block": "0.0.0.0/0",
                            "destination_prefix_list_id": "",
                            "egress_only_gateway_id": "",
                            "gateway_id": "",
                            "id": "r-rtb-94ba94f21080289494",
                            "instance_id": "",
                            "instance_owner_id": "",
                            "nat_gateway_id": "nat-090a11d7972aacda1",
                            "network_interface_id": "",
                            "origin": "CreateRoute",
                            "route_table_id": "rtb-94ba94f2",
                            "state": "active",
                            "vpc_peering_connection_id": ""
                        },
                        "meta": {},
                        "tainted": false
                    },
                    "deposed": [],
                    "provider": "provider.aws"
                },
                "aws_route53_record.api-home-cluster-k8s-local-aws": {
                    "type": "aws_route53_record",
                    "depends_on": [
                        "aws_elb.api-home-cluster-k8s-local-aws"
                    ],
                    "primary": {
                        "id": "Z3L6TOI1CHVERF_api.home-cluster.k8s.local.aws_A",
                        "attributes": {
                            "alias.#": "1",
                            "alias.72223556.evaluate_target_health": "false",
                            "alias.72223556.name": "api-home-cluster-k8s-loca-a92egm-1234001974.eu-west-1.elb.amazonaws.com",
                            "alias.72223556.zone_id": "Z32O12XQLNTSW2",
                            "fqdn": "api.home-cluster.k8s.local.aws",
                            "health_check_id": "",
                            "id": "Z3L6TOI1CHVERF_api.home-cluster.k8s.local.aws_A",
                            "name": "api.home-cluster.k8s.local.aws",
                            "records.#": "0",
                            "set_identifier": "",
                            "ttl": "0",
                            "type": "A",
                            "zone_id": "/hostedzone/Z3L6TOI1CHVERF"
                        },
                        "meta": {
                            "schema_version": "2"
                        },
                        "tainted": false
                    },
                    "deposed": [],
                    "provider": "provider.aws"
                },
                "aws_route53_zone_association.Z3L6TOI1CHVERF": {
                    "type": "aws_route53_zone_association",
                    "depends_on": [
                        "aws_vpc.home-cluster-k8s-local-aws"
                    ],
                    "primary": {
                        "id": "/hostedzone/Z3L6TOI1CHVERF:vpc-cd937eab",
                        "attributes": {
                            "id": "/hostedzone/Z3L6TOI1CHVERF:vpc-cd937eab",
                            "vpc_id": "vpc-cd937eab",
                            "vpc_region": "eu-west-1",
                            "zone_id": "/hostedzone/Z3L6TOI1CHVERF"
                        },
                        "meta": {},
                        "tainted": false
                    },
                    "deposed": [],
                    "provider": "provider.aws"
                },
                "aws_route_table.home-cluster-k8s-local-aws": {
                    "type": "aws_route_table",
                    "depends_on": [
                        "aws_vpc.home-cluster-k8s-local-aws"
                    ],
                    "primary": {
                        "id": "rtb-eeb59b88",
                        "attributes": {
                            "id": "rtb-eeb59b88",
                            "propagating_vgws.#": "0",
                            "route.#": "0",
                            "tags.%": "2",
                            "tags.KubernetesCluster": "home-cluster.k8s.local.aws",
                            "tags.Name": "home-cluster.k8s.local.aws",
                            "vpc_id": "vpc-cd937eab"
                        },
                        "meta": {},
                        "tainted": false
                    },
                    "deposed": [],
                    "provider": "provider.aws"
                },
                "aws_route_table.private-eu-west-1a-home-cluster-k8s-local-aws": {
                    "type": "aws_route_table",
                    "depends_on": [
                        "aws_vpc.home-cluster-k8s-local-aws"
                    ],
                    "primary": {
                        "id": "rtb-70b69816",
                        "attributes": {
                            "id": "rtb-70b69816",
                            "propagating_vgws.#": "0",
                            "route.#": "0",
                            "tags.%": "2",
                            "tags.KubernetesCluster": "home-cluster.k8s.local.aws",
                            "tags.Name": "private-eu-west-1a.home-cluster.k8s.local.aws",
                            "vpc_id": "vpc-cd937eab"
                        },
                        "meta": {},
                        "tainted": false
                    },
                    "deposed": [],
                    "provider": "provider.aws"
                },
                "aws_route_table.private-eu-west-1b-home-cluster-k8s-local-aws": {
                    "type": "aws_route_table",
                    "depends_on": [
                        "aws_vpc.home-cluster-k8s-local-aws"
                    ],
                    "primary": {
                        "id": "rtb-058aa463",
                        "attributes": {
                            "id": "rtb-058aa463",
                            "propagating_vgws.#": "0",
                            "route.#": "0",
                            "tags.%": "2",
                            "tags.KubernetesCluster": "home-cluster.k8s.local.aws",
                            "tags.Name": "private-eu-west-1b.home-cluster.k8s.local.aws",
                            "vpc_id": "vpc-cd937eab"
                        },
                        "meta": {},
                        "tainted": false
                    },
                    "deposed": [],
                    "provider": "provider.aws"
                },
                "aws_route_table.private-eu-west-1c-home-cluster-k8s-local-aws": {
                    "type": "aws_route_table",
                    "depends_on": [
                        "aws_vpc.home-cluster-k8s-local-aws"
                    ],
                    "primary": {
                        "id": "rtb-94ba94f2",
                        "attributes": {
                            "id": "rtb-94ba94f2",
                            "propagating_vgws.#": "0",
                            "route.#": "0",
                            "tags.%": "2",
                            "tags.KubernetesCluster": "home-cluster.k8s.local.aws",
                            "tags.Name": "private-eu-west-1c.home-cluster.k8s.local.aws",
                            "vpc_id": "vpc-cd937eab"
                        },
                        "meta": {},
                        "tainted": false
                    },
                    "deposed": [],
                    "provider": "provider.aws"
                },
                "aws_route_table_association.private-eu-west-1a-home-cluster-k8s-local-aws": {
                    "type": "aws_route_table_association",
                    "depends_on": [
                        "aws_route_table.private-eu-west-1a-home-cluster-k8s-local-aws",
                        "aws_subnet.eu-west-1a-home-cluster-k8s-local-aws"
                    ],
                    "primary": {
                        "id": "rtbassoc-cbc7dcb2",
                        "attributes": {
                            "id": "rtbassoc-cbc7dcb2",
                            "route_table_id": "rtb-70b69816",
                            "subnet_id": "subnet-bab3aef3"
                        },
                        "meta": {},
                        "tainted": false
                    },
                    "deposed": [],
                    "provider": "provider.aws"
                },
                "aws_route_table_association.private-eu-west-1b-home-cluster-k8s-local-aws": {
                    "type": "aws_route_table_association",
                    "depends_on": [
                        "aws_route_table.private-eu-west-1b-home-cluster-k8s-local-aws",
                        "aws_subnet.eu-west-1b-home-cluster-k8s-local-aws"
                    ],
                    "primary": {
                        "id": "rtbassoc-76c8d30f",
                        "attributes": {
                            "id": "rtbassoc-76c8d30f",
                            "route_table_id": "rtb-058aa463",
                            "subnet_id": "subnet-708fda2b"
                        },
                        "meta": {},
                        "tainted": false
                    },
                    "deposed": [],
                    "provider": "provider.aws"
                },
                "aws_route_table_association.private-eu-west-1c-home-cluster-k8s-local-aws": {
                    "type": "aws_route_table_association",
                    "depends_on": [
                        "aws_route_table.private-eu-west-1c-home-cluster-k8s-local-aws",
                        "aws_subnet.eu-west-1c-home-cluster-k8s-local-aws"
                    ],
                    "primary": {
                        "id": "rtbassoc-a1c6ddd8",
                        "attributes": {
                            "id": "rtbassoc-a1c6ddd8",
                            "route_table_id": "rtb-94ba94f2",
                            "subnet_id": "subnet-966f67f1"
                        },
                        "meta": {},
                        "tainted": false
                    },
                    "deposed": [],
                    "provider": "provider.aws"
                },
                "aws_route_table_association.utility-eu-west-1a-home-cluster-k8s-local-aws": {
                    "type": "aws_route_table_association",
                    "depends_on": [
                        "aws_route_table.home-cluster-k8s-local-aws",
                        "aws_subnet.utility-eu-west-1a-home-cluster-k8s-local-aws"
                    ],
                    "primary": {
                        "id": "rtbassoc-69c8d310",
                        "attributes": {
                            "id": "rtbassoc-69c8d310",
                            "route_table_id": "rtb-eeb59b88",
                            "subnet_id": "subnet-32b6ab7b"
                        },
                        "meta": {},
                        "tainted": false
                    },
                    "deposed": [],
                    "provider": "provider.aws"
                },
                "aws_route_table_association.utility-eu-west-1b-home-cluster-k8s-local-aws": {
                    "type": "aws_route_table_association",
                    "depends_on": [
                        "aws_route_table.home-cluster-k8s-local-aws",
                        "aws_subnet.utility-eu-west-1b-home-cluster-k8s-local-aws"
                    ],
                    "primary": {
                        "id": "rtbassoc-dbc2d9a2",
                        "attributes": {
                            "id": "rtbassoc-dbc2d9a2",
                            "route_table_id": "rtb-eeb59b88",
                            "subnet_id": "subnet-7189dc2a"
                        },
                        "meta": {},
                        "tainted": false
                    },
                    "deposed": [],
                    "provider": "provider.aws"
                },
                "aws_route_table_association.utility-eu-west-1c-home-cluster-k8s-local-aws": {
                    "type": "aws_route_table_association",
                    "depends_on": [
                        "aws_route_table.home-cluster-k8s-local-aws",
                        "aws_subnet.utility-eu-west-1c-home-cluster-k8s-local-aws"
                    ],
                    "primary": {
                        "id": "rtbassoc-02c3d87b",
                        "attributes": {
                            "id": "rtbassoc-02c3d87b",
                            "route_table_id": "rtb-eeb59b88",
                            "subnet_id": "subnet-83555de4"
                        },
                        "meta": {},
                        "tainted": false
                    },
                    "deposed": [],
                    "provider": "provider.aws"
                },
                "aws_security_group.api-elb-home-cluster-k8s-local-aws": {
                    "type": "aws_security_group",
                    "depends_on": [
                        "aws_vpc.home-cluster-k8s-local-aws"
                    ],
                    "primary": {
                        "id": "sg-834473f8",
                        "attributes": {
                            "description": "Security group for api ELB",
                            "egress.#": "0",
                            "id": "sg-834473f8",
                            "ingress.#": "0",
                            "name": "api-elb.home-cluster.k8s.local.aws",
                            "owner_id": "616655953272",
                            "revoke_rules_on_delete": "false",
                            "tags.%": "2",
                            "tags.KubernetesCluster": "home-cluster.k8s.local.aws",
                            "tags.Name": "api-elb.home-cluster.k8s.local.aws",
                            "vpc_id": "vpc-cd937eab"
                        },
                        "meta": {
                            "schema_version": "1"
                        },
                        "tainted": false
                    },
                    "deposed": [],
                    "provider": "provider.aws"
                },
                "aws_security_group.masters-home-cluster-k8s-local-aws": {
                    "type": "aws_security_group",
                    "depends_on": [
                        "aws_vpc.home-cluster-k8s-local-aws"
                    ],
                    "primary": {
                        "id": "sg-bc4572c7",
                        "attributes": {
                            "description": "Security group for masters",
                            "egress.#": "0",
                            "id": "sg-bc4572c7",
                            "ingress.#": "0",
                            "name": "masters.home-cluster.k8s.local.aws",
                            "owner_id": "616655953272",
                            "revoke_rules_on_delete": "false",
                            "tags.%": "2",
                            "tags.KubernetesCluster": "home-cluster.k8s.local.aws",
                            "tags.Name": "masters.home-cluster.k8s.local.aws",
                            "vpc_id": "vpc-cd937eab"
                        },
                        "meta": {
                            "schema_version": "1"
                        },
                        "tainted": false
                    },
                    "deposed": [],
                    "provider": "provider.aws"
                },
                "aws_security_group.nodes-home-cluster-k8s-local-aws": {
                    "type": "aws_security_group",
                    "depends_on": [
                        "aws_vpc.home-cluster-k8s-local-aws"
                    ],
                    "primary": {
                        "id": "sg-03407778",
                        "attributes": {
                            "description": "Security group for nodes",
                            "egress.#": "0",
                            "id": "sg-03407778",
                            "ingress.#": "0",
                            "name": "nodes.home-cluster.k8s.local.aws",
                            "owner_id": "616655953272",
                            "revoke_rules_on_delete": "false",
                            "tags.%": "2",
                            "tags.KubernetesCluster": "home-cluster.k8s.local.aws",
                            "tags.Name": "nodes.home-cluster.k8s.local.aws",
                            "vpc_id": "vpc-cd937eab"
                        },
                        "meta": {
                            "schema_version": "1"
                        },
                        "tainted": false
                    },
                    "deposed": [],
                    "provider": "provider.aws"
                },
                "aws_security_group_rule.all-master-to-master": {
                    "type": "aws_security_group_rule",
                    "depends_on": [
                        "aws_security_group.masters-home-cluster-k8s-local-aws"
                    ],
                    "primary": {
                        "id": "sgrule-3081798879",
                        "attributes": {
                            "from_port": "0",
                            "id": "sgrule-3081798879",
                            "protocol": "-1",
                            "security_group_id": "sg-bc4572c7",
                            "self": "false",
                            "source_security_group_id": "sg-bc4572c7",
                            "to_port": "0",
                            "type": "ingress"
                        },
                        "meta": {
                            "schema_version": "2"
                        },
                        "tainted": false
                    },
                    "deposed": [],
                    "provider": "provider.aws"
                },
                "aws_security_group_rule.all-master-to-node": {
                    "type": "aws_security_group_rule",
                    "depends_on": [
                        "aws_security_group.masters-home-cluster-k8s-local-aws",
                        "aws_security_group.nodes-home-cluster-k8s-local-aws"
                    ],
                    "primary": {
                        "id": "sgrule-1620126290",
                        "attributes": {
                            "from_port": "0",
                            "id": "sgrule-1620126290",
                            "protocol": "-1",
                            "security_group_id": "sg-03407778",
                            "self": "false",
                            "source_security_group_id": "sg-bc4572c7",
                            "to_port": "0",
                            "type": "ingress"
                        },
                        "meta": {
                            "schema_version": "2"
                        },
                        "tainted": false
                    },
                    "deposed": [],
                    "provider": "provider.aws"
                },
                "aws_security_group_rule.all-node-to-node": {
                    "type": "aws_security_group_rule",
                    "depends_on": [
                        "aws_security_group.nodes-home-cluster-k8s-local-aws"
                    ],
                    "primary": {
                        "id": "sgrule-2060010062",
                        "attributes": {
                            "from_port": "0",
                            "id": "sgrule-2060010062",
                            "protocol": "-1",
                            "security_group_id": "sg-03407778",
                            "self": "false",
                            "source_security_group_id": "sg-03407778",
                            "to_port": "0",
                            "type": "ingress"
                        },
                        "meta": {
                            "schema_version": "2"
                        },
                        "tainted": false
                    },
                    "deposed": [],
                    "provider": "provider.aws"
                },
                "aws_security_group_rule.api-elb-egress": {
                    "type": "aws_security_group_rule",
                    "depends_on": [
                        "aws_security_group.api-elb-home-cluster-k8s-local-aws"
                    ],
                    "primary": {
                        "id": "sgrule-1587233191",
                        "attributes": {
                            "cidr_blocks.#": "1",
                            "cidr_blocks.0": "0.0.0.0/0",
                            "from_port": "0",
                            "id": "sgrule-1587233191",
                            "protocol": "-1",
                            "security_group_id": "sg-834473f8",
                            "self": "false",
                            "to_port": "0",
                            "type": "egress"
                        },
                        "meta": {
                            "schema_version": "2"
                        },
                        "tainted": false
                    },
                    "deposed": [],
                    "provider": "provider.aws"
                },
                "aws_security_group_rule.https-api-elb-212-198-189-153--32": {
                    "type": "aws_security_group_rule",
                    "depends_on": [
                        "aws_security_group.api-elb-home-cluster-k8s-local-aws"
                    ],
                    "primary": {
                        "id": "sgrule-3063838673",
                        "attributes": {
                            "cidr_blocks.#": "1",
                            "cidr_blocks.0": "212.198.189.153/32",
                            "from_port": "443",
                            "id": "sgrule-3063838673",
                            "protocol": "tcp",
                            "security_group_id": "sg-834473f8",
                            "self": "false",
                            "to_port": "443",
                            "type": "ingress"
                        },
                        "meta": {
                            "schema_version": "2"
                        },
                        "tainted": false
                    },
                    "deposed": [],
                    "provider": "provider.aws"
                },
                "aws_security_group_rule.https-elb-to-master": {
                    "type": "aws_security_group_rule",
                    "depends_on": [
                        "aws_security_group.api-elb-home-cluster-k8s-local-aws",
                        "aws_security_group.masters-home-cluster-k8s-local-aws"
                    ],
                    "primary": {
                        "id": "sgrule-1694358580",
                        "attributes": {
                            "from_port": "443",
                            "id": "sgrule-1694358580",
                            "protocol": "tcp",
                            "security_group_id": "sg-bc4572c7",
                            "self": "false",
                            "source_security_group_id": "sg-834473f8",
                            "to_port": "443",
                            "type": "ingress"
                        },
                        "meta": {
                            "schema_version": "2"
                        },
                        "tainted": false
                    },
                    "deposed": [],
                    "provider": "provider.aws"
                },
                "aws_security_group_rule.master-egress": {
                    "type": "aws_security_group_rule",
                    "depends_on": [
                        "aws_security_group.masters-home-cluster-k8s-local-aws"
                    ],
                    "primary": {
                        "id": "sgrule-2442953656",
                        "attributes": {
                            "cidr_blocks.#": "1",
                            "cidr_blocks.0": "0.0.0.0/0",
                            "from_port": "0",
                            "id": "sgrule-2442953656",
                            "protocol": "-1",
                            "security_group_id": "sg-bc4572c7",
                            "self": "false",
                            "to_port": "0",
                            "type": "egress"
                        },
                        "meta": {
                            "schema_version": "2"
                        },
                        "tainted": false
                    },
                    "deposed": [],
                    "provider": "provider.aws"
                },
                "aws_security_group_rule.node-egress": {
                    "type": "aws_security_group_rule",
                    "depends_on": [
                        "aws_security_group.nodes-home-cluster-k8s-local-aws"
                    ],
                    "primary": {
                        "id": "sgrule-740227372",
                        "attributes": {
                            "cidr_blocks.#": "1",
                            "cidr_blocks.0": "0.0.0.0/0",
                            "from_port": "0",
                            "id": "sgrule-740227372",
                            "protocol": "-1",
                            "security_group_id": "sg-03407778",
                            "self": "false",
                            "to_port": "0",
                            "type": "egress"
                        },
                        "meta": {
                            "schema_version": "2"
                        },
                        "tainted": false
                    },
                    "deposed": [],
                    "provider": "provider.aws"
                },
                "aws_security_group_rule.node-to-master-tcp-1-2379": {
                    "type": "aws_security_group_rule",
                    "depends_on": [
                        "aws_security_group.masters-home-cluster-k8s-local-aws",
                        "aws_security_group.nodes-home-cluster-k8s-local-aws"
                    ],
                    "primary": {
                        "id": "sgrule-2235322169",
                        "attributes": {
                            "from_port": "1",
                            "id": "sgrule-2235322169",
                            "protocol": "tcp",
                            "security_group_id": "sg-bc4572c7",
                            "self": "false",
                            "source_security_group_id": "sg-03407778",
                            "to_port": "2379",
                            "type": "ingress"
                        },
                        "meta": {
                            "schema_version": "2"
                        },
                        "tainted": false
                    },
                    "deposed": [],
                    "provider": "provider.aws"
                },
                "aws_security_group_rule.node-to-master-tcp-2382-4000": {
                    "type": "aws_security_group_rule",
                    "depends_on": [
                        "aws_security_group.masters-home-cluster-k8s-local-aws",
                        "aws_security_group.nodes-home-cluster-k8s-local-aws"
                    ],
                    "primary": {
                        "id": "sgrule-2314319095",
                        "attributes": {
                            "from_port": "2382",
                            "id": "sgrule-2314319095",
                            "protocol": "tcp",
                            "security_group_id": "sg-bc4572c7",
                            "self": "false",
                            "source_security_group_id": "sg-03407778",
                            "to_port": "4000",
                            "type": "ingress"
                        },
                        "meta": {
                            "schema_version": "2"
                        },
                        "tainted": false
                    },
                    "deposed": [],
                    "provider": "provider.aws"
                },
                "aws_security_group_rule.node-to-master-tcp-4003-65535": {
                    "type": "aws_security_group_rule",
                    "depends_on": [
                        "aws_security_group.masters-home-cluster-k8s-local-aws",
                        "aws_security_group.nodes-home-cluster-k8s-local-aws"
                    ],
                    "primary": {
                        "id": "sgrule-714169287",
                        "attributes": {
                            "from_port": "4003",
                            "id": "sgrule-714169287",
                            "protocol": "tcp",
                            "security_group_id": "sg-bc4572c7",
                            "self": "false",
                            "source_security_group_id": "sg-03407778",
                            "to_port": "65535",
                            "type": "ingress"
                        },
                        "meta": {
                            "schema_version": "2"
                        },
                        "tainted": false
                    },
                    "deposed": [],
                    "provider": "provider.aws"
                },
                "aws_security_group_rule.node-to-master-udp-1-65535": {
                    "type": "aws_security_group_rule",
                    "depends_on": [
                        "aws_security_group.masters-home-cluster-k8s-local-aws",
                        "aws_security_group.nodes-home-cluster-k8s-local-aws"
                    ],
                    "primary": {
                        "id": "sgrule-3588047779",
                        "attributes": {
                            "from_port": "1",
                            "id": "sgrule-3588047779",
                            "protocol": "udp",
                            "security_group_id": "sg-bc4572c7",
                            "self": "false",
                            "source_security_group_id": "sg-03407778",
                            "to_port": "65535",
                            "type": "ingress"
                        },
                        "meta": {
                            "schema_version": "2"
                        },
                        "tainted": false
                    },
                    "deposed": [],
                    "provider": "provider.aws"
                },
                "aws_security_group_rule.ssh-external-to-master-212-198-189-153--32": {
                    "type": "aws_security_group_rule",
                    "depends_on": [
                        "aws_security_group.masters-home-cluster-k8s-local-aws"
                    ],
                    "primary": {
                        "id": "sgrule-3378149374",
                        "attributes": {
                            "cidr_blocks.#": "1",
                            "cidr_blocks.0": "212.198.189.153/32",
                            "from_port": "22",
                            "id": "sgrule-3378149374",
                            "protocol": "tcp",
                            "security_group_id": "sg-bc4572c7",
                            "self": "false",
                            "to_port": "22",
                            "type": "ingress"
                        },
                        "meta": {
                            "schema_version": "2"
                        },
                        "tainted": false
                    },
                    "deposed": [],
                    "provider": "provider.aws"
                },
                "aws_security_group_rule.ssh-external-to-node-212-198-189-153--32": {
                    "type": "aws_security_group_rule",
                    "depends_on": [
                        "aws_security_group.nodes-home-cluster-k8s-local-aws"
                    ],
                    "primary": {
                        "id": "sgrule-1157927350",
                        "attributes": {
                            "cidr_blocks.#": "1",
                            "cidr_blocks.0": "212.198.189.153/32",
                            "from_port": "22",
                            "id": "sgrule-1157927350",
                            "protocol": "tcp",
                            "security_group_id": "sg-03407778",
                            "self": "false",
                            "to_port": "22",
                            "type": "ingress"
                        },
                        "meta": {
                            "schema_version": "2"
                        },
                        "tainted": false
                    },
                    "deposed": [],
                    "provider": "provider.aws"
                },
                "aws_subnet.eu-west-1a-home-cluster-k8s-local-aws": {
                    "type": "aws_subnet",
                    "depends_on": [
                        "aws_vpc.home-cluster-k8s-local-aws"
                    ],
                    "primary": {
                        "id": "subnet-bab3aef3",
                        "attributes": {
                            "assign_ipv6_address_on_creation": "false",
                            "availability_zone": "eu-west-1a",
                            "cidr_block": "172.20.32.0/19",
                            "id": "subnet-bab3aef3",
                            "map_public_ip_on_launch": "false",
                            "tags.%": "4",
                            "tags.KubernetesCluster": "home-cluster.k8s.local.aws",
                            "tags.Name": "eu-west-1a.home-cluster.k8s.local.aws",
                            "tags.kubernetes.io/cluster/home-cluster.k8s.local.aws": "owned",
                            "tags.kubernetes.io/role/internal-elb": "1",
                            "vpc_id": "vpc-cd937eab"
                        },
                        "meta": {
                            "schema_version": "1"
                        },
                        "tainted": false
                    },
                    "deposed": [],
                    "provider": "provider.aws"
                },
                "aws_subnet.eu-west-1b-home-cluster-k8s-local-aws": {
                    "type": "aws_subnet",
                    "depends_on": [
                        "aws_vpc.home-cluster-k8s-local-aws"
                    ],
                    "primary": {
                        "id": "subnet-708fda2b",
                        "attributes": {
                            "assign_ipv6_address_on_creation": "false",
                            "availability_zone": "eu-west-1b",
                            "cidr_block": "172.20.64.0/19",
                            "id": "subnet-708fda2b",
                            "map_public_ip_on_launch": "false",
                            "tags.%": "4",
                            "tags.KubernetesCluster": "home-cluster.k8s.local.aws",
                            "tags.Name": "eu-west-1b.home-cluster.k8s.local.aws",
                            "tags.kubernetes.io/cluster/home-cluster.k8s.local.aws": "owned",
                            "tags.kubernetes.io/role/internal-elb": "1",
                            "vpc_id": "vpc-cd937eab"
                        },
                        "meta": {
                            "schema_version": "1"
                        },
                        "tainted": false
                    },
                    "deposed": [],
                    "provider": "provider.aws"
                },
                "aws_subnet.eu-west-1c-home-cluster-k8s-local-aws": {
                    "type": "aws_subnet",
                    "depends_on": [
                        "aws_vpc.home-cluster-k8s-local-aws"
                    ],
                    "primary": {
                        "id": "subnet-966f67f1",
                        "attributes": {
                            "assign_ipv6_address_on_creation": "false",
                            "availability_zone": "eu-west-1c",
                            "cidr_block": "172.20.96.0/19",
                            "id": "subnet-966f67f1",
                            "map_public_ip_on_launch": "false",
                            "tags.%": "4",
                            "tags.KubernetesCluster": "home-cluster.k8s.local.aws",
                            "tags.Name": "eu-west-1c.home-cluster.k8s.local.aws",
                            "tags.kubernetes.io/cluster/home-cluster.k8s.local.aws": "owned",
                            "tags.kubernetes.io/role/internal-elb": "1",
                            "vpc_id": "vpc-cd937eab"
                        },
                        "meta": {
                            "schema_version": "1"
                        },
                        "tainted": false
                    },
                    "deposed": [],
                    "provider": "provider.aws"
                },
                "aws_subnet.utility-eu-west-1a-home-cluster-k8s-local-aws": {
                    "type": "aws_subnet",
                    "depends_on": [
                        "aws_vpc.home-cluster-k8s-local-aws"
                    ],
                    "primary": {
                        "id": "subnet-32b6ab7b",
                        "attributes": {
                            "assign_ipv6_address_on_creation": "false",
                            "availability_zone": "eu-west-1a",
                            "cidr_block": "172.20.0.0/22",
                            "id": "subnet-32b6ab7b",
                            "map_public_ip_on_launch": "false",
                            "tags.%": "4",
                            "tags.KubernetesCluster": "home-cluster.k8s.local.aws",
                            "tags.Name": "utility-eu-west-1a.home-cluster.k8s.local.aws",
                            "tags.kubernetes.io/cluster/home-cluster.k8s.local.aws": "owned",
                            "tags.kubernetes.io/role/elb": "1",
                            "vpc_id": "vpc-cd937eab"
                        },
                        "meta": {
                            "schema_version": "1"
                        },
                        "tainted": false
                    },
                    "deposed": [],
                    "provider": "provider.aws"
                },
                "aws_subnet.utility-eu-west-1b-home-cluster-k8s-local-aws": {
                    "type": "aws_subnet",
                    "depends_on": [
                        "aws_vpc.home-cluster-k8s-local-aws"
                    ],
                    "primary": {
                        "id": "subnet-7189dc2a",
                        "attributes": {
                            "assign_ipv6_address_on_creation": "false",
                            "availability_zone": "eu-west-1b",
                            "cidr_block": "172.20.4.0/22",
                            "id": "subnet-7189dc2a",
                            "map_public_ip_on_launch": "false",
                            "tags.%": "4",
                            "tags.KubernetesCluster": "home-cluster.k8s.local.aws",
                            "tags.Name": "utility-eu-west-1b.home-cluster.k8s.local.aws",
                            "tags.kubernetes.io/cluster/home-cluster.k8s.local.aws": "owned",
                            "tags.kubernetes.io/role/elb": "1",
                            "vpc_id": "vpc-cd937eab"
                        },
                        "meta": {
                            "schema_version": "1"
                        },
                        "tainted": false
                    },
                    "deposed": [],
                    "provider": "provider.aws"
                },
                "aws_subnet.utility-eu-west-1c-home-cluster-k8s-local-aws": {
                    "type": "aws_subnet",
                    "depends_on": [
                        "aws_vpc.home-cluster-k8s-local-aws"
                    ],
                    "primary": {
                        "id": "subnet-83555de4",
                        "attributes": {
                            "assign_ipv6_address_on_creation": "false",
                            "availability_zone": "eu-west-1c",
                            "cidr_block": "172.20.8.0/22",
                            "id": "subnet-83555de4",
                            "map_public_ip_on_launch": "false",
                            "tags.%": "4",
                            "tags.KubernetesCluster": "home-cluster.k8s.local.aws",
                            "tags.Name": "utility-eu-west-1c.home-cluster.k8s.local.aws",
                            "tags.kubernetes.io/cluster/home-cluster.k8s.local.aws": "owned",
                            "tags.kubernetes.io/role/elb": "1",
                            "vpc_id": "vpc-cd937eab"
                        },
                        "meta": {
                            "schema_version": "1"
                        },
                        "tainted": false
                    },
                    "deposed": [],
                    "provider": "provider.aws"
                },
                "aws_vpc.home-cluster-k8s-local-aws": {
                    "type": "aws_vpc",
                    "depends_on": [],
                    "primary": {
                        "id": "vpc-cd937eab",
                        "attributes": {
                            "assign_generated_ipv6_cidr_block": "false",
                            "cidr_block": "172.20.0.0/16",
                            "default_network_acl_id": "acl-df1b8eb9",
                            "default_route_table_id": "rtb-13b89675",
                            "default_security_group_id": "sg-334c7b48",
                            "dhcp_options_id": "dopt-1579ad72",
                            "enable_classiclink": "false",
                            "enable_classiclink_dns_support": "false",
                            "enable_dns_hostnames": "true",
                            "enable_dns_support": "true",
                            "id": "vpc-cd937eab",
                            "instance_tenancy": "default",
                            "main_route_table_id": "rtb-13b89675",
                            "tags.%": "3",
                            "tags.KubernetesCluster": "home-cluster.k8s.local.aws",
                            "tags.Name": "home-cluster.k8s.local.aws",
                            "tags.kubernetes.io/cluster/home-cluster.k8s.local.aws": "owned"
                        },
                        "meta": {
                            "schema_version": "1"
                        },
                        "tainted": false
                    },
                    "deposed": [],
                    "provider": "provider.aws"
                },
                "aws_vpc_dhcp_options.home-cluster-k8s-local-aws": {
                    "type": "aws_vpc_dhcp_options",
                    "depends_on": [],
                    "primary": {
                        "id": "dopt-af6b23c8",
                        "attributes": {
                            "domain_name": "eu-west-1.compute.internal",
                            "domain_name_servers.#": "1",
                            "domain_name_servers.0": "AmazonProvidedDNS",
                            "id": "dopt-af6b23c8",
                            "tags.%": "2",
                            "tags.KubernetesCluster": "home-cluster.k8s.local.aws",
                            "tags.Name": "home-cluster.k8s.local.aws"
                        },
                        "meta": {},
                        "tainted": false
                    },
                    "deposed": [],
                    "provider": "provider.aws"
                },
                "aws_vpc_dhcp_options_association.home-cluster-k8s-local-aws": {
                    "type": "aws_vpc_dhcp_options_association",
                    "depends_on": [
                        "aws_vpc.home-cluster-k8s-local-aws",
                        "aws_vpc_dhcp_options.home-cluster-k8s-local-aws"
                    ],
                    "primary": {
                        "id": "dopt-af6b23c8-vpc-cd937eab",
                        "attributes": {
                            "dhcp_options_id": "dopt-af6b23c8",
                            "id": "dopt-af6b23c8-vpc-cd937eab",
                            "vpc_id": "vpc-cd937eab"
                        },
                        "meta": {},
                        "tainted": false
                    },
                    "deposed": [],
                    "provider": "provider.aws"
                }
            },
            "depends_on": []
        }
    ]
}
